// !$*UTF8*$!
{
	archiveVersion = 1;
	classes = {
	};
	objectVersion = 50;
	objects = {

/* Begin PBXBuildFile section */
		02BA027324BCCD49009DD734 /* AppDelegate.swift in Sources */ = {isa = PBXBuildFile; fileRef = 02BA027224BCCD49009DD734 /* AppDelegate.swift */; };
		02BA027524BCCD49009DD734 /* SceneDelegate.swift in Sources */ = {isa = PBXBuildFile; fileRef = 02BA027424BCCD49009DD734 /* SceneDelegate.swift */; };
		02BA027724BCCD49009DD734 /* ContentView.swift in Sources */ = {isa = PBXBuildFile; fileRef = 02BA027624BCCD49009DD734 /* ContentView.swift */; };
		02BA027924BCCD4B009DD734 /* Assets.xcassets in Resources */ = {isa = PBXBuildFile; fileRef = 02BA027824BCCD4B009DD734 /* Assets.xcassets */; };
		02BA027C24BCCD4B009DD734 /* Preview Assets.xcassets in Resources */ = {isa = PBXBuildFile; fileRef = 02BA027B24BCCD4B009DD734 /* Preview Assets.xcassets */; };
		02BA027F24BCCD4B009DD734 /* LaunchScreen.storyboard in Resources */ = {isa = PBXBuildFile; fileRef = 02BA027D24BCCD4B009DD734 /* LaunchScreen.storyboard */; };
/* End PBXBuildFile section */

/* Begin PBXFileReference section */
		02BA026F24BCCD49009DD734 /* ColorMap2.app */ = {isa = PBXFileReference; explicitFileType = wrapper.application; includeInIndex = 0; path = ColorMap2.app; sourceTree = BUILT_PRODUCTS_DIR; };
		02BA027224BCCD49009DD734 /* AppDelegate.swift */ = {isa = PBXFileReference; lastKnownFileType = sourcecode.swift; path = AppDelegate.swift; sourceTree = "<group>"; };
		02BA027424BCCD49009DD734 /* SceneDelegate.swift */ = {isa = PBXFileReference; lastKnownFileType = sourcecode.swift; path = SceneDelegate.swift; sourceTree = "<group>"; };
		02BA027624BCCD49009DD734 /* ContentView.swift */ = {isa = PBXFileReference; lastKnownFileType = sourcecode.swift; path = ContentView.swift; sourceTree = "<group>"; };
		02BA027824BCCD4B009DD734 /* Assets.xcassets */ = {isa = PBXFileReference; lastKnownFileType = folder.assetcatalog; path = Assets.xcassets; sourceTree = "<group>"; };
		02BA027B24BCCD4B009DD734 /* Preview Assets.xcassets */ = {isa = PBXFileReference; lastKnownFileType = folder.assetcatalog; path = "Preview Assets.xcassets"; sourceTree = "<group>"; };
		02BA027E24BCCD4B009DD734 /* Base */ = {isa = PBXFileReference; lastKnownFileType = file.storyboard; name = Base; path = Base.lproj/LaunchScreen.storyboard; sourceTree = "<group>"; };
		02BA028024BCCD4B009DD734 /* Info.plist */ = {isa = PBXFileReference; lastKnownFileType = text.plist.xml; path = Info.plist; sourceTree = "<group>"; };
/* End PBXFileReference section */

/* Begin PBXFrameworksBuildPhase section */
		02BA026C24BCCD49009DD734 /* Frameworks */ = {
			isa = PBXFrameworksBuildPhase;
			buildActionMask = 2147483647;
			files = (
			);
			runOnlyForDeploymentPostprocessing = 0;
		};
/* End PBXFrameworksBuildPhase section */

/* Begin PBXGroup section */
		02BA026624BCCD49009DD734 = {
			isa = PBXGroup;
			children = (
				02BA027124BCCD49009DD734 /* ColorMap2 */,
				02BA027024BCCD49009DD734 /* Products */,
			);
			sourceTree = "<group>";
		};
		02BA027024BCCD49009DD734 /* Products */ = {
			isa = PBXGroup;
			children = (
				02BA026F24BCCD49009DD734 /* ColorMap2.app */,
			);
			name = Products;
			sourceTree = "<group>";
		};
		02BA027124BCCD49009DD734 /* ColorMap2 */ = {
			isa = PBXGroup;
			children = (
				02BA027224BCCD49009DD734 /* AppDelegate.swift */,
				02BA027424BCCD49009DD734 /* SceneDelegate.swift */,
				02BA027624BCCD49009DD734 /* ContentView.swift */,
				02BA027824BCCD4B009DD734 /* Assets.xcassets */,
				02BA027D24BCCD4B009DD734 /* LaunchScreen.storyboard */,
				02BA028024BCCD4B009DD734 /* Info.plist */,
				02BA027A24BCCD4B009DD734 /* Preview Content */,
			);
			path = ColorMap2;
			sourceTree = "<group>";
		};
		02BA027A24BCCD4B009DD734 /* Preview Content */ = {
			isa = PBXGroup;
			children = (
				02BA027B24BCCD4B009DD734 /* Preview Assets.xcassets */,
			);
			path = "Preview Content";
			sourceTree = "<group>";
		};
/* End PBXGroup section */

/* Begin PBXNativeTarget section */
		02BA026E24BCCD49009DD734 /* ColorMap2 */ = {
			isa = PBXNativeTarget;
			buildConfigurationList = 02BA028324BCCD4B009DD734 /* Build configuration list for PBXNativeTarget "ColorMap2" */;
			buildPhases = (
				02BA026B24BCCD49009DD734 /* Sources */,
				02BA026C24BCCD49009DD734 /* Frameworks */,
				02BA026D24BCCD49009DD734 /* Resources */,
			);
			buildRules = (
			);
			dependencies = (
			);
			name = ColorMap2;
			productName = ColorMap2;
			productReference = 02BA026F24BCCD49009DD734 /* ColorMap2.app */;
			productType = "com.apple.product-type.application";
		};
/* End PBXNativeTarget section */

/* Begin PBXProject section */
		02BA026724BCCD49009DD734 /* Project object */ = {
			isa = PBXProject;
			attributes = {
				LastSwiftUpdateCheck = 1150;
				LastUpgradeCheck = 1150;
				ORGANIZATIONNAME = Friedrich;
				TargetAttributes = {
					02BA026E24BCCD49009DD734 = {
						CreatedOnToolsVersion = 11.5;
					};
				};
			};
			buildConfigurationList = 02BA026A24BCCD49009DD734 /* Build configuration list for PBXProject "ColorMap2" */;
			compatibilityVersion = "Xcode 9.3";
			developmentRegion = en;
			hasScannedForEncodings = 0;
			knownRegions = (
				en,
				Base,
			);
			mainGroup = 02BA026624BCCD49009DD734;
			productRefGroup = 02BA027024BCCD49009DD734 /* Products */;
			projectDirPath = "";
			projectRoot = "";
			targets = (
				02BA026E24BCCD49009DD734 /* ColorMap2 */,
			);
		};
/* End PBXProject section */

/* Begin PBXResourcesBuildPhase section */
		02BA026D24BCCD49009DD734 /* Resources */ = {
			isa = PBXResourcesBuildPhase;
			buildActionMask = 2147483647;
			files = (
				02BA027F24BCCD4B009DD734 /* LaunchScreen.storyboard in Resources */,
				02BA027C24BCCD4B009DD734 /* Preview Assets.xcassets in Resources */,
				02BA027924BCCD4B009DD734 /* Assets.xcassets in Resources */,
			);
			runOnlyForDeploymentPostprocessing = 0;
		};
/* End PBXResourcesBuildPhase section */

/* Begin PBXSourcesBuildPhase section */
		02BA026B24BCCD49009DD734 /* Sources */ = {
			isa = PBXSourcesBuildPhase;
			buildActionMask = 2147483647;
			files = (
				02BA027324BCCD49009DD734 /* AppDelegate.swift in Sources */,
				02BA027524BCCD49009DD734 /* SceneDelegate.swift in Sources */,
				02BA027724BCCD49009DD734 /* ContentView.swift in Sources */,
			);
			runOnlyForDeploymentPostprocessing = 0;
		};
/* End PBXSourcesBuildPhase section */

/* Begin PBXVariantGroup section */
		02BA027D24BCCD4B009DD734 /* LaunchScreen.storyboard */ = {
			isa = PBXVariantGroup;
			children = (
				02BA027E24BCCD4B009DD734 /* Base */,
			);
			name = LaunchScreen.storyboard;
			sourceTree = "<group>";
		};
/* End PBXVariantGroup section */

/* Begin XCBuildConfiguration section */
		02BA028124BCCD4B009DD734 /* Debug */ = {
			isa = XCBuildConfiguration;
			buildSettings = {
				ALWAYS_SEARCH_USER_PATHS = NO;
				CLANG_ANALYZER_NONNULL = YES;
				CLANG_ANALYZER_NUMBER_OBJECT_CONVERSION = YES_AGGRESSIVE;
				CLANG_CXX_LANGUAGE_STANDARD = "gnu++14";
				CLANG_CXX_LIBRARY = "libc++";
				CLANG_ENABLE_MODULES = YES;
				CLANG_ENABLE_OBJC_ARC = YES;
				CLANG_ENABLE_OBJC_WEAK = YES;
				CLANG_WARN_BLOCK_CAPTURE_AUTORELEASING = YES;
				CLANG_WARN_BOOL_CONVERSION = YES;
				CLANG_WARN_COMMA = YES;
				CLANG_WARN_CONSTANT_CONVERSION = YES;
				CLANG_WARN_DEPRECATED_OBJC_IMPLEMENTATIONS = YES;
				CLANG_WARN_DIRECT_OBJC_ISA_USAGE = YES_ERROR;
				CLANG_WARN_DOCUMENTATION_COMMENTS = YES;
				CLANG_WARN_EMPTY_BODY = YES;
				CLANG_WARN_ENUM_CONVERSION = YES;
				CLANG_WARN_INFINITE_RECURSION = YES;
				CLANG_WARN_INT_CONVERSION = YES;
				CLANG_WARN_NON_LITERAL_NULL_CONVERSION = YES;
				CLANG_WARN_OBJC_IMPLICIT_RETAIN_SELF = YES;
				CLANG_WARN_OBJC_LITERAL_CONVERSION = YES;
				CLANG_WARN_OBJC_ROOT_CLASS = YES_ERROR;
				CLANG_WARN_RANGE_LOOP_ANALYSIS = YES;
				CLANG_WARN_STRICT_PROTOTYPES = YES;
				CLANG_WARN_SUSPICIOUS_MOVE = YES;
				CLANG_WARN_UNGUARDED_AVAILABILITY = YES_AGGRESSIVE;
				CLANG_WARN_UNREACHABLE_CODE = YES;
				CLANG_WARN__DUPLICATE_METHOD_MATCH = YES;
				COPY_PHASE_STRIP = NO;
				DEBUG_INFORMATION_FORMAT = dwarf;
				ENABLE_STRICT_OBJC_MSGSEND = YES;
				ENABLE_TESTABILITY = YES;
				GCC_C_LANGUAGE_STANDARD = gnu11;
				GCC_DYNAMIC_NO_PIC = NO;
				GCC_NO_COMMON_BLOCKS = YES;
				GCC_OPTIMIZATION_LEVEL = 0;
				GCC_PREPROCESSOR_DEFINITIONS = (
					"DEBUG=1",
					"$(inherited)",
				);
				GCC_WARN_64_TO_32_BIT_CONVERSION = YES;
				GCC_WARN_ABOUT_RETURN_TYPE = YES_ERROR;
				GCC_WARN_UNDECLARED_SELECTOR = YES;
				GCC_WARN_UNINITIALIZED_AUTOS = YES_AGGRESSIVE;
				GCC_WARN_UNUSED_FUNCTION = YES;
				GCC_WARN_UNUSED_VARIABLE = YES;
				IPHONEOS_DEPLOYMENT_TARGET = 13.5;
				MTL_ENABLE_DEBUG_INFO = INCLUDE_SOURCE;
				MTL_FAST_MATH = YES;
				ONLY_ACTIVE_ARCH = YES;
				SDKROOT = iphoneos;
				SWIFT_ACTIVE_COMPILATION_CONDITIONS = DEBUG;
				SWIFT_OPTIMIZATION_LEVEL = "-Onone";
			};
			name = Debug;
		};
		02BA028224BCCD4B009DD734 /* Release */ = {
			isa = XCBuildConfiguration;
			buildSettings = {
				ALWAYS_SEARCH_USER_PATHS = NO;
				CLANG_ANALYZER_NONNULL = YES;
				CLANG_ANALYZER_NUMBER_OBJECT_CONVERSION = YES_AGGRESSIVE;
				CLANG_CXX_LANGUAGE_STANDARD = "gnu++14";
				CLANG_CXX_LIBRARY = "libc++";
				CLANG_ENABLE_MODULES = YES;
				CLANG_ENABLE_OBJC_ARC = YES;
				CLANG_ENABLE_OBJC_WEAK = YES;
				CLANG_WARN_BLOCK_CAPTURE_AUTORELEASING = YES;
				CLANG_WARN_BOOL_CONVERSION = YES;
				CLANG_WARN_COMMA = YES;
				CLANG_WARN_CONSTANT_CONVERSION = YES;
				CLANG_WARN_DEPRECATED_OBJC_IMPLEMENTATIONS = YES;
				CLANG_WARN_DIRECT_OBJC_ISA_USAGE = YES_ERROR;
				CLANG_WARN_DOCUMENTATION_COMMENTS = YES;
				CLANG_WARN_EMPTY_BODY = YES;
				CLANG_WARN_ENUM_CONVERSION = YES;
				CLANG_WARN_INFINITE_RECURSION = YES;
				CLANG_WARN_INT_CONVERSION = YES;
				CLANG_WARN_NON_LITERAL_NULL_CONVERSION = YES;
				CLANG_WARN_OBJC_IMPLICIT_RETAIN_SELF = YES;
				CLANG_WARN_OBJC_LITERAL_CONVERSION = YES;
				CLANG_WARN_OBJC_ROOT_CLASS = YES_ERROR;
				CLANG_WARN_RANGE_LOOP_ANALYSIS = YES;
				CLANG_WARN_STRICT_PROTOTYPES = YES;
				CLANG_WARN_SUSPICIOUS_MOVE = YES;
				CLANG_WARN_UNGUARDED_AVAILABILITY = YES_AGGRESSIVE;
				CLANG_WARN_UNREACHABLE_CODE = YES;
				CLANG_WARN__DUPLICATE_METHOD_MATCH = YES;
				COPY_PHASE_STRIP = NO;
				DEBUG_INFORMATION_FORMAT = "dwarf-with-dsym";
				ENABLE_NS_ASSERTIONS = NO;
				ENABLE_STRICT_OBJC_MSGSEND = YES;
				GCC_C_LANGUAGE_STANDARD = gnu11;
				GCC_NO_COMMON_BLOCKS = YES;
				GCC_WARN_64_TO_32_BIT_CONVERSION = YES;
				GCC_WARN_ABOUT_RETURN_TYPE = YES_ERROR;
				GCC_WARN_UNDECLARED_SELECTOR = YES;
				GCC_WARN_UNINITIALIZED_AUTOS = YES_AGGRESSIVE;
				GCC_WARN_UNUSED_FUNCTION = YES;
				GCC_WARN_UNUSED_VARIABLE = YES;
				IPHONEOS_DEPLOYMENT_TARGET = 13.5;
				MTL_ENABLE_DEBUG_INFO = NO;
				MTL_FAST_MATH = YES;
				SDKROOT = iphoneos;
				SWIFT_COMPILATION_MODE = wholemodule;
				SWIFT_OPTIMIZATION_LEVEL = "-O";
				VALIDATE_PRODUCT = YES;
			};
			name = Release;
		};
		02BA028424BCCD4B009DD734 /* Debug */ = {
			isa = XCBuildConfiguration;
			buildSettings = {
				ASSETCATALOG_COMPILER_APPICON_NAME = AppIcon;
				CODE_SIGN_STYLE = Automatic;
				DEVELOPMENT_ASSET_PATHS = "\"ColorMap2/Preview Content\"";
				DEVELOPMENT_TEAM = H5H9H7A6U5;
				ENABLE_PREVIEWS = YES;
				INFOPLIST_FILE = ColorMap2/Info.plist;
				LD_RUNPATH_SEARCH_PATHS = (
					"$(inherited)",
					"@executable_path/Frameworks",
				);
				PRODUCT_BUNDLE_IDENTIFIER = com.Friedrich.ColorMap2;
				PRODUCT_NAME = "$(TARGET_NAME)";
				SWIFT_VERSION = 5.0;
				TARGETED_DEVICE_FAMILY = "1,2";
			};
			name = Debug;
		};
		02BA028524BCCD4B009DD734 /* Release */ = {
			isa = XCBuildConfiguration;
			buildSettings = {
				ASSETCATALOG_COMPILER_APPICON_NAME = AppIcon;
				CODE_SIGN_STYLE = Automatic;
				DEVELOPMENT_ASSET_PATHS = "\"ColorMap2/Preview Content\"";
				DEVELOPMENT_TEAM = H5H9H7A6U5;
				ENABLE_PREVIEWS = YES;
				INFOPLIST_FILE = ColorMap2/Info.plist;
				LD_RUNPATH_SEARCH_PATHS = (
					"$(inherited)",
					"@executable_path/Frameworks",
				);
				PRODUCT_BUNDLE_IDENTIFIER = com.Friedrich.ColorMap2;
				PRODUCT_NAME = "$(TARGET_NAME)";
				SWIFT_VERSION = 5.0;
				TARGETED_DEVICE_FAMILY = "1,2";
			};
			name = Release;
		};
/* End XCBuildConfiguration section */

/* Begin XCConfigurationList section */
		02BA026A24BCCD49009DD734 /* Build configuration list for PBXProject "ColorMap2" */ = {
			isa = XCConfigurationList;
			buildConfigurations = (
				02BA028124BCCD4B009DD734 /* Debug */,
				02BA028224BCCD4B009DD734 /* Release */,
			);
			defaultConfigurationIsVisible = 0;
			defaultConfigurationName = Release;
		};
		02BA028324BCCD4B009DD734 /* Build configuration list for PBXNativeTarget "ColorMap2" */ = {
			isa = XCConfigurationList;
			buildConfigurations = (
				02BA028424BCCD4B009DD734 /* Debug */,
				02BA028524BCCD4B009DD734 /* Release */,
			);
			defaultConfigurationIsVisible = 0;
			defaultConfigurationName = Release;
		};
/* End XCConfigurationList section */
	};
	rootObject = 02BA026724BCCD49009DD734 /* Project object */;
}
